// !$*UTF8*$!
{
	archiveVersion = 1;
	classes = {
	};
	objectVersion = 46;
	objects = {

/* Begin PBXBuildFile section */
		4F0BDD4C198C6CC000E684B5 /* Player.m in Sources */ = {isa = PBXBuildFile; fileRef = 4F0BDD4B198C6CC000E684B5 /* Player.m */; };
		4F5694951979FCD0005D59D4 /* Foundation.framework in Frameworks */ = {isa = PBXBuildFile; fileRef = 4F5694941979FCD0005D59D4 /* Foundation.framework */; };
		4F5694971979FCD0005D59D4 /* CoreGraphics.framework in Frameworks */ = {isa = PBXBuildFile; fileRef = 4F5694961979FCD0005D59D4 /* CoreGraphics.framework */; };
		4F5694991979FCD0005D59D4 /* UIKit.framework in Frameworks */ = {isa = PBXBuildFile; fileRef = 4F5694981979FCD0005D59D4 /* UIKit.framework */; };
		4F56949F1979FCD0005D59D4 /* InfoPlist.strings in Resources */ = {isa = PBXBuildFile; fileRef = 4F56949D1979FCD0005D59D4 /* InfoPlist.strings */; };
		4F5694A11979FCD0005D59D4 /* main.m in Sources */ = {isa = PBXBuildFile; fileRef = 4F5694A01979FCD0005D59D4 /* main.m */; };
		4F5694A51979FCD0005D59D4 /* AppDelegate.m in Sources */ = {isa = PBXBuildFile; fileRef = 4F5694A41979FCD0005D59D4 /* AppDelegate.m */; };
		4F5694A81979FCD0005D59D4 /* Main.storyboard in Resources */ = {isa = PBXBuildFile; fileRef = 4F5694A61979FCD0005D59D4 /* Main.storyboard */; };
		4F5694AB1979FCD0005D59D4 /* ViewController.m in Sources */ = {isa = PBXBuildFile; fileRef = 4F5694AA1979FCD0005D59D4 /* ViewController.m */; };
		4F5694AD1979FCD0005D59D4 /* Images.xcassets in Resources */ = {isa = PBXBuildFile; fileRef = 4F5694AC1979FCD0005D59D4 /* Images.xcassets */; };
		4F5694B41979FCD0005D59D4 /* XCTest.framework in Frameworks */ = {isa = PBXBuildFile; fileRef = 4F5694B31979FCD0005D59D4 /* XCTest.framework */; };
		4F5694B51979FCD0005D59D4 /* Foundation.framework in Frameworks */ = {isa = PBXBuildFile; fileRef = 4F5694941979FCD0005D59D4 /* Foundation.framework */; };
		4F5694B61979FCD0005D59D4 /* UIKit.framework in Frameworks */ = {isa = PBXBuildFile; fileRef = 4F5694981979FCD0005D59D4 /* UIKit.framework */; };
		4F5694BE1979FCD0005D59D4 /* InfoPlist.strings in Resources */ = {isa = PBXBuildFile; fileRef = 4F5694BC1979FCD0005D59D4 /* InfoPlist.strings */; };
		4F5694C01979FCD0005D59D4 /* RatingsTests.m in Sources */ = {isa = PBXBuildFile; fileRef = 4F5694BF1979FCD0005D59D4 /* RatingsTests.m */; };
		4F5694E4197A1292005D59D4 /* 1Star.png in Resources */ = {isa = PBXBuildFile; fileRef = 4F5694CC197A1292005D59D4 /* 1Star.png */; };
		4F5694E5197A1292005D59D4 /* 1Star@2x.png in Resources */ = {isa = PBXBuildFile; fileRef = 4F5694CD197A1292005D59D4 /* 1Star@2x.png */; };
		4F5694E6197A1292005D59D4 /* 1StarSmall.png in Resources */ = {isa = PBXBuildFile; fileRef = 4F5694CE197A1292005D59D4 /* 1StarSmall.png */; };
		4F5694E7197A1292005D59D4 /* 1StarSmall@2x.png in Resources */ = {isa = PBXBuildFile; fileRef = 4F5694CF197A1292005D59D4 /* 1StarSmall@2x.png */; };
		4F5694E8197A1292005D59D4 /* 2Stars.png in Resources */ = {isa = PBXBuildFile; fileRef = 4F5694D0197A1292005D59D4 /* 2Stars.png */; };
		4F5694E9197A1292005D59D4 /* 2Stars@2x.png in Resources */ = {isa = PBXBuildFile; fileRef = 4F5694D1197A1292005D59D4 /* 2Stars@2x.png */; };
		4F5694EA197A1292005D59D4 /* 2StarsSmall.png in Resources */ = {isa = PBXBuildFile; fileRef = 4F5694D2197A1292005D59D4 /* 2StarsSmall.png */; };
		4F5694EB197A1292005D59D4 /* 2StarsSmall@2x.png in Resources */ = {isa = PBXBuildFile; fileRef = 4F5694D3197A1292005D59D4 /* 2StarsSmall@2x.png */; };
		4F5694EC197A1292005D59D4 /* 3Stars.png in Resources */ = {isa = PBXBuildFile; fileRef = 4F5694D4197A1292005D59D4 /* 3Stars.png */; };
		4F5694ED197A1292005D59D4 /* 3Stars@2x.png in Resources */ = {isa = PBXBuildFile; fileRef = 4F5694D5197A1292005D59D4 /* 3Stars@2x.png */; };
		4F5694EE197A1292005D59D4 /* 3StarsSmall.png in Resources */ = {isa = PBXBuildFile; fileRef = 4F5694D6197A1292005D59D4 /* 3StarsSmall.png */; };
		4F5694EF197A1292005D59D4 /* 3StarsSmall@2x.png in Resources */ = {isa = PBXBuildFile; fileRef = 4F5694D7197A1292005D59D4 /* 3StarsSmall@2x.png */; };
		4F5694F0197A1292005D59D4 /* 4Stars.png in Resources */ = {isa = PBXBuildFile; fileRef = 4F5694D8197A1292005D59D4 /* 4Stars.png */; };
		4F5694F1197A1292005D59D4 /* 4Stars@2x.png in Resources */ = {isa = PBXBuildFile; fileRef = 4F5694D9197A1292005D59D4 /* 4Stars@2x.png */; };
		4F5694F2197A1292005D59D4 /* 4StarsSmall.png in Resources */ = {isa = PBXBuildFile; fileRef = 4F5694DA197A1292005D59D4 /* 4StarsSmall.png */; };
		4F5694F3197A1292005D59D4 /* 4StarsSmall@2x.png in Resources */ = {isa = PBXBuildFile; fileRef = 4F5694DB197A1292005D59D4 /* 4StarsSmall@2x.png */; };
		4F5694F4197A1292005D59D4 /* 5Stars.png in Resources */ = {isa = PBXBuildFile; fileRef = 4F5694DC197A1292005D59D4 /* 5Stars.png */; };
		4F5694F5197A1292005D59D4 /* 5Stars@2x.png in Resources */ = {isa = PBXBuildFile; fileRef = 4F5694DD197A1292005D59D4 /* 5Stars@2x.png */; };
		4F5694F6197A1292005D59D4 /* 5StarsSmall.png in Resources */ = {isa = PBXBuildFile; fileRef = 4F5694DE197A1292005D59D4 /* 5StarsSmall.png */; };
		4F5694F7197A1292005D59D4 /* 5StarsSmall@2x.png in Resources */ = {isa = PBXBuildFile; fileRef = 4F5694DF197A1292005D59D4 /* 5StarsSmall@2x.png */; };
		4F5694F8197A1292005D59D4 /* Gestures.png in Resources */ = {isa = PBXBuildFile; fileRef = 4F5694E0197A1292005D59D4 /* Gestures.png */; };
		4F5694F9197A1292005D59D4 /* Gestures@2x.png in Resources */ = {isa = PBXBuildFile; fileRef = 4F5694E1197A1292005D59D4 /* Gestures@2x.png */; };
		4F5694FA197A1292005D59D4 /* Players.png in Resources */ = {isa = PBXBuildFile; fileRef = 4F5694E2197A1292005D59D4 /* Players.png */; };
		4F5694FB197A1292005D59D4 /* Players@2x.png in Resources */ = {isa = PBXBuildFile; fileRef = 4F5694E3197A1292005D59D4 /* Players@2x.png */; };
		4F6B29B4198C7E7D008BC91D /* PlayerCell.m in Sources */ = {isa = PBXBuildFile; fileRef = 4F6B29B3198C7E7D008BC91D /* PlayerCell.m */; };
		4FC0F095198C6B9100C9A9A9 /* PlayersTableViewController.m in Sources */ = {isa = PBXBuildFile; fileRef = 4FC0F093198C6B9100C9A9A9 /* PlayersTableViewController.m */; };
/* End PBXBuildFile section */

/* Begin PBXContainerItemProxy section */
		4F5694B71979FCD0005D59D4 /* PBXContainerItemProxy */ = {
			isa = PBXContainerItemProxy;
			containerPortal = 4F5694891979FCD0005D59D4 /* Project object */;
			proxyType = 1;
			remoteGlobalIDString = 4F5694901979FCD0005D59D4;
			remoteInfo = Ratings;
		};
/* End PBXContainerItemProxy section */

/* Begin PBXFileReference section */
		4F0BDD4A198C6CC000E684B5 /* Player.h */ = {isa = PBXFileReference; fileEncoding = 4; lastKnownFileType = sourcecode.c.h; path = Player.h; sourceTree = "<group>"; };
		4F0BDD4B198C6CC000E684B5 /* Player.m */ = {isa = PBXFileReference; fileEncoding = 4; lastKnownFileType = sourcecode.c.objc; path = Player.m; sourceTree = "<group>"; };
		4F5694911979FCD0005D59D4 /* Ratings.app */ = {isa = PBXFileReference; explicitFileType = wrapper.application; includeInIndex = 0; path = Ratings.app; sourceTree = BUILT_PRODUCTS_DIR; };
		4F5694941979FCD0005D59D4 /* Foundation.framework */ = {isa = PBXFileReference; lastKnownFileType = wrapper.framework; name = Foundation.framework; path = System/Library/Frameworks/Foundation.framework; sourceTree = SDKROOT; };
		4F5694961979FCD0005D59D4 /* CoreGraphics.framework */ = {isa = PBXFileReference; lastKnownFileType = wrapper.framework; name = CoreGraphics.framework; path = System/Library/Frameworks/CoreGraphics.framework; sourceTree = SDKROOT; };
		4F5694981979FCD0005D59D4 /* UIKit.framework */ = {isa = PBXFileReference; lastKnownFileType = wrapper.framework; name = UIKit.framework; path = System/Library/Frameworks/UIKit.framework; sourceTree = SDKROOT; };
		4F56949C1979FCD0005D59D4 /* Ratings-Info.plist */ = {isa = PBXFileReference; lastKnownFileType = text.plist.xml; path = "Ratings-Info.plist"; sourceTree = "<group>"; };
		4F56949E1979FCD0005D59D4 /* en */ = {isa = PBXFileReference; lastKnownFileType = text.plist.strings; name = en; path = en.lproj/InfoPlist.strings; sourceTree = "<group>"; };
		4F5694A01979FCD0005D59D4 /* main.m */ = {isa = PBXFileReference; lastKnownFileType = sourcecode.c.objc; path = main.m; sourceTree = "<group>"; };
		4F5694A21979FCD0005D59D4 /* Ratings-Prefix.pch */ = {isa = PBXFileReference; lastKnownFileType = sourcecode.c.h; path = "Ratings-Prefix.pch"; sourceTree = "<group>"; };
		4F5694A31979FCD0005D59D4 /* AppDelegate.h */ = {isa = PBXFileReference; lastKnownFileType = sourcecode.c.h; path = AppDelegate.h; sourceTree = "<group>"; };
		4F5694A41979FCD0005D59D4 /* AppDelegate.m */ = {isa = PBXFileReference; lastKnownFileType = sourcecode.c.objc; path = AppDelegate.m; sourceTree = "<group>"; };
		4F5694A71979FCD0005D59D4 /* Base */ = {isa = PBXFileReference; lastKnownFileType = file.storyboard; name = Base; path = Base.lproj/Main.storyboard; sourceTree = "<group>"; };
		4F5694A91979FCD0005D59D4 /* ViewController.h */ = {isa = PBXFileReference; lastKnownFileType = sourcecode.c.h; path = ViewController.h; sourceTree = "<group>"; };
		4F5694AA1979FCD0005D59D4 /* ViewController.m */ = {isa = PBXFileReference; lastKnownFileType = sourcecode.c.objc; path = ViewController.m; sourceTree = "<group>"; };
		4F5694AC1979FCD0005D59D4 /* Images.xcassets */ = {isa = PBXFileReference; lastKnownFileType = folder.assetcatalog; path = Images.xcassets; sourceTree = "<group>"; };
		4F5694B21979FCD0005D59D4 /* RatingsTests.xctest */ = {isa = PBXFileReference; explicitFileType = wrapper.cfbundle; includeInIndex = 0; path = RatingsTests.xctest; sourceTree = BUILT_PRODUCTS_DIR; };
		4F5694B31979FCD0005D59D4 /* XCTest.framework */ = {isa = PBXFileReference; lastKnownFileType = wrapper.framework; name = XCTest.framework; path = Library/Frameworks/XCTest.framework; sourceTree = DEVELOPER_DIR; };
		4F5694BB1979FCD0005D59D4 /* RatingsTests-Info.plist */ = {isa = PBXFileReference; lastKnownFileType = text.plist.xml; path = "RatingsTests-Info.plist"; sourceTree = "<group>"; };
		4F5694BD1979FCD0005D59D4 /* en */ = {isa = PBXFileReference; lastKnownFileType = text.plist.strings; name = en; path = en.lproj/InfoPlist.strings; sourceTree = "<group>"; };
		4F5694BF1979FCD0005D59D4 /* RatingsTests.m */ = {isa = PBXFileReference; lastKnownFileType = sourcecode.c.objc; path = RatingsTests.m; sourceTree = "<group>"; };
		4F5694CC197A1292005D59D4 /* 1Star.png */ = {isa = PBXFileReference; lastKnownFileType = image.png; path = 1Star.png; sourceTree = "<group>"; };
		4F5694CD197A1292005D59D4 /* 1Star@2x.png */ = {isa = PBXFileReference; lastKnownFileType = image.png; path = "1Star@2x.png"; sourceTree = "<group>"; };
		4F5694CE197A1292005D59D4 /* 1StarSmall.png */ = {isa = PBXFileReference; lastKnownFileType = image.png; path = 1StarSmall.png; sourceTree = "<group>"; };
		4F5694CF197A1292005D59D4 /* 1StarSmall@2x.png */ = {isa = PBXFileReference; lastKnownFileType = image.png; path = "1StarSmall@2x.png"; sourceTree = "<group>"; };
		4F5694D0197A1292005D59D4 /* 2Stars.png */ = {isa = PBXFileReference; lastKnownFileType = image.png; path = 2Stars.png; sourceTree = "<group>"; };
		4F5694D1197A1292005D59D4 /* 2Stars@2x.png */ = {isa = PBXFileReference; lastKnownFileType = image.png; path = "2Stars@2x.png"; sourceTree = "<group>"; };
		4F5694D2197A1292005D59D4 /* 2StarsSmall.png */ = {isa = PBXFileReference; lastKnownFileType = image.png; path = 2StarsSmall.png; sourceTree = "<group>"; };
		4F5694D3197A1292005D59D4 /* 2StarsSmall@2x.png */ = {isa = PBXFileReference; lastKnownFileType = image.png; path = "2StarsSmall@2x.png"; sourceTree = "<group>"; };
		4F5694D4197A1292005D59D4 /* 3Stars.png */ = {isa = PBXFileReference; lastKnownFileType = image.png; path = 3Stars.png; sourceTree = "<group>"; };
		4F5694D5197A1292005D59D4 /* 3Stars@2x.png */ = {isa = PBXFileReference; lastKnownFileType = image.png; path = "3Stars@2x.png"; sourceTree = "<group>"; };
		4F5694D6197A1292005D59D4 /* 3StarsSmall.png */ = {isa = PBXFileReference; lastKnownFileType = image.png; path = 3StarsSmall.png; sourceTree = "<group>"; };
		4F5694D7197A1292005D59D4 /* 3StarsSmall@2x.png */ = {isa = PBXFileReference; lastKnownFileType = image.png; path = "3StarsSmall@2x.png"; sourceTree = "<group>"; };
		4F5694D8197A1292005D59D4 /* 4Stars.png */ = {isa = PBXFileReference; lastKnownFileType = image.png; path = 4Stars.png; sourceTree = "<group>"; };
		4F5694D9197A1292005D59D4 /* 4Stars@2x.png */ = {isa = PBXFileReference; lastKnownFileType = image.png; path = "4Stars@2x.png"; sourceTree = "<group>"; };
		4F5694DA197A1292005D59D4 /* 4StarsSmall.png */ = {isa = PBXFileReference; lastKnownFileType = image.png; path = 4StarsSmall.png; sourceTree = "<group>"; };
		4F5694DB197A1292005D59D4 /* 4StarsSmall@2x.png */ = {isa = PBXFileReference; lastKnownFileType = image.png; path = "4StarsSmall@2x.png"; sourceTree = "<group>"; };
		4F5694DC197A1292005D59D4 /* 5Stars.png */ = {isa = PBXFileReference; lastKnownFileType = image.png; path = 5Stars.png; sourceTree = "<group>"; };
		4F5694DD197A1292005D59D4 /* 5Stars@2x.png */ = {isa = PBXFileReference; lastKnownFileType = image.png; path = "5Stars@2x.png"; sourceTree = "<group>"; };
		4F5694DE197A1292005D59D4 /* 5StarsSmall.png */ = {isa = PBXFileReference; lastKnownFileType = image.png; path = 5StarsSmall.png; sourceTree = "<group>"; };
		4F5694DF197A1292005D59D4 /* 5StarsSmall@2x.png */ = {isa = PBXFileReference; lastKnownFileType = image.png; path = "5StarsSmall@2x.png"; sourceTree = "<group>"; };
		4F5694E0197A1292005D59D4 /* Gestures.png */ = {isa = PBXFileReference; lastKnownFileType = image.png; path = Gestures.png; sourceTree = "<group>"; };
		4F5694E1197A1292005D59D4 /* Gestures@2x.png */ = {isa = PBXFileReference; lastKnownFileType = image.png; path = "Gestures@2x.png"; sourceTree = "<group>"; };
		4F5694E2197A1292005D59D4 /* Players.png */ = {isa = PBXFileReference; lastKnownFileType = image.png; path = Players.png; sourceTree = "<group>"; };
		4F5694E3197A1292005D59D4 /* Players@2x.png */ = {isa = PBXFileReference; lastKnownFileType = image.png; path = "Players@2x.png"; sourceTree = "<group>"; };
		4F6B29B2198C7E7D008BC91D /* PlayerCell.h */ = {isa = PBXFileReference; fileEncoding = 4; lastKnownFileType = sourcecode.c.h; path = PlayerCell.h; sourceTree = "<group>"; };
		4F6B29B3198C7E7D008BC91D /* PlayerCell.m */ = {isa = PBXFileReference; fileEncoding = 4; lastKnownFileType = sourcecode.c.objc; path = PlayerCell.m; sourceTree = "<group>"; };
		4FC0F092198C6B9100C9A9A9 /* PlayersTableViewController.h */ = {isa = PBXFileReference; fileEncoding = 4; lastKnownFileType = sourcecode.c.h; path = PlayersTableViewController.h; sourceTree = "<group>"; };
		4FC0F093198C6B9100C9A9A9 /* PlayersTableViewController.m */ = {isa = PBXFileReference; fileEncoding = 4; lastKnownFileType = sourcecode.c.objc; path = PlayersTableViewController.m; sourceTree = "<group>"; };
/* End PBXFileReference section */

/* Begin PBXFrameworksBuildPhase section */
		4F56948E1979FCD0005D59D4 /* Frameworks */ = {
			isa = PBXFrameworksBuildPhase;
			buildActionMask = 2147483647;
			files = (
				4F5694971979FCD0005D59D4 /* CoreGraphics.framework in Frameworks */,
				4F5694991979FCD0005D59D4 /* UIKit.framework in Frameworks */,
				4F5694951979FCD0005D59D4 /* Foundation.framework in Frameworks */,
			);
			runOnlyForDeploymentPostprocessing = 0;
		};
		4F5694AF1979FCD0005D59D4 /* Frameworks */ = {
			isa = PBXFrameworksBuildPhase;
			buildActionMask = 2147483647;
			files = (
				4F5694B41979FCD0005D59D4 /* XCTest.framework in Frameworks */,
				4F5694B61979FCD0005D59D4 /* UIKit.framework in Frameworks */,
				4F5694B51979FCD0005D59D4 /* Foundation.framework in Frameworks */,
			);
			runOnlyForDeploymentPostprocessing = 0;
		};
/* End PBXFrameworksBuildPhase section */

/* Begin PBXGroup section */
		4F5694881979FCD0005D59D4 = {
			isa = PBXGroup;
			children = (
				4F5694CB197A1292005D59D4 /* Images */,
				4F56949A1979FCD0005D59D4 /* Ratings */,
				4F5694B91979FCD0005D59D4 /* RatingsTests */,
				4F5694931979FCD0005D59D4 /* Frameworks */,
				4F5694921979FCD0005D59D4 /* Products */,
			);
			sourceTree = "<group>";
		};
		4F5694921979FCD0005D59D4 /* Products */ = {
			isa = PBXGroup;
			children = (
				4F5694911979FCD0005D59D4 /* Ratings.app */,
				4F5694B21979FCD0005D59D4 /* RatingsTests.xctest */,
			);
			name = Products;
			sourceTree = "<group>";
		};
		4F5694931979FCD0005D59D4 /* Frameworks */ = {
			isa = PBXGroup;
			children = (
				4F5694941979FCD0005D59D4 /* Foundation.framework */,
				4F5694961979FCD0005D59D4 /* CoreGraphics.framework */,
				4F5694981979FCD0005D59D4 /* UIKit.framework */,
				4F5694B31979FCD0005D59D4 /* XCTest.framework */,
			);
			name = Frameworks;
			sourceTree = "<group>";
		};
		4F56949A1979FCD0005D59D4 /* Ratings */ = {
			isa = PBXGroup;
			children = (
				4FC0F092198C6B9100C9A9A9 /* PlayersTableViewController.h */,
				4FC0F093198C6B9100C9A9A9 /* PlayersTableViewController.m */,
				4F5694A31979FCD0005D59D4 /* AppDelegate.h */,
				4F5694A41979FCD0005D59D4 /* AppDelegate.m */,
				4F5694A61979FCD0005D59D4 /* Main.storyboard */,
				4F5694A91979FCD0005D59D4 /* ViewController.h */,
				4F5694AA1979FCD0005D59D4 /* ViewController.m */,
				4F5694AC1979FCD0005D59D4 /* Images.xcassets */,
				4F56949B1979FCD0005D59D4 /* Supporting Files */,
				4F0BDD4A198C6CC000E684B5 /* Player.h */,
				4F0BDD4B198C6CC000E684B5 /* Player.m */,
				4F6B29B2198C7E7D008BC91D /* PlayerCell.h */,
				4F6B29B3198C7E7D008BC91D /* PlayerCell.m */,
			);
			path = Ratings;
			sourceTree = "<group>";
		};
		4F56949B1979FCD0005D59D4 /* Supporting Files */ = {
			isa = PBXGroup;
			children = (
				4F56949C1979FCD0005D59D4 /* Ratings-Info.plist */,
				4F56949D1979FCD0005D59D4 /* InfoPlist.strings */,
				4F5694A01979FCD0005D59D4 /* main.m */,
				4F5694A21979FCD0005D59D4 /* Ratings-Prefix.pch */,
			);
			name = "Supporting Files";
			sourceTree = "<group>";
		};
		4F5694B91979FCD0005D59D4 /* RatingsTests */ = {
			isa = PBXGroup;
			children = (
				4F5694BF1979FCD0005D59D4 /* RatingsTests.m */,
				4F5694BA1979FCD0005D59D4 /* Supporting Files */,
			);
			path = RatingsTests;
			sourceTree = "<group>";
		};
		4F5694BA1979FCD0005D59D4 /* Supporting Files */ = {
			isa = PBXGroup;
			children = (
				4F5694BB1979FCD0005D59D4 /* RatingsTests-Info.plist */,
				4F5694BC1979FCD0005D59D4 /* InfoPlist.strings */,
			);
			name = "Supporting Files";
			sourceTree = "<group>";
		};
		4F5694CB197A1292005D59D4 /* Images */ = {
			isa = PBXGroup;
			children = (
				4F5694CC197A1292005D59D4 /* 1Star.png */,
				4F5694CD197A1292005D59D4 /* 1Star@2x.png */,
				4F5694CE197A1292005D59D4 /* 1StarSmall.png */,
				4F5694CF197A1292005D59D4 /* 1StarSmall@2x.png */,
				4F5694D0197A1292005D59D4 /* 2Stars.png */,
				4F5694D1197A1292005D59D4 /* 2Stars@2x.png */,
				4F5694D2197A1292005D59D4 /* 2StarsSmall.png */,
				4F5694D3197A1292005D59D4 /* 2StarsSmall@2x.png */,
				4F5694D4197A1292005D59D4 /* 3Stars.png */,
				4F5694D5197A1292005D59D4 /* 3Stars@2x.png */,
				4F5694D6197A1292005D59D4 /* 3StarsSmall.png */,
				4F5694D7197A1292005D59D4 /* 3StarsSmall@2x.png */,
				4F5694D8197A1292005D59D4 /* 4Stars.png */,
				4F5694D9197A1292005D59D4 /* 4Stars@2x.png */,
				4F5694DA197A1292005D59D4 /* 4StarsSmall.png */,
				4F5694DB197A1292005D59D4 /* 4StarsSmall@2x.png */,
				4F5694DC197A1292005D59D4 /* 5Stars.png */,
				4F5694DD197A1292005D59D4 /* 5Stars@2x.png */,
				4F5694DE197A1292005D59D4 /* 5StarsSmall.png */,
				4F5694DF197A1292005D59D4 /* 5StarsSmall@2x.png */,
				4F5694E0197A1292005D59D4 /* Gestures.png */,
				4F5694E1197A1292005D59D4 /* Gestures@2x.png */,
				4F5694E2197A1292005D59D4 /* Players.png */,
				4F5694E3197A1292005D59D4 /* Players@2x.png */,
			);
			path = Images;
			sourceTree = "<group>";
		};
/* End PBXGroup section */

/* Begin PBXNativeTarget section */
		4F5694901979FCD0005D59D4 /* Ratings */ = {
			isa = PBXNativeTarget;
			buildConfigurationList = 4F5694C31979FCD0005D59D4 /* Build configuration list for PBXNativeTarget "Ratings" */;
			buildPhases = (
				4F56948D1979FCD0005D59D4 /* Sources */,
				4F56948E1979FCD0005D59D4 /* Frameworks */,
				4F56948F1979FCD0005D59D4 /* Resources */,
			);
			buildRules = (
			);
			dependencies = (
			);
			name = Ratings;
			productName = Ratings;
			productReference = 4F5694911979FCD0005D59D4 /* Ratings.app */;
			productType = "com.apple.product-type.application";
		};
		4F5694B11979FCD0005D59D4 /* RatingsTests */ = {
			isa = PBXNativeTarget;
			buildConfigurationList = 4F5694C61979FCD0005D59D4 /* Build configuration list for PBXNativeTarget "RatingsTests" */;
			buildPhases = (
				4F5694AE1979FCD0005D59D4 /* Sources */,
				4F5694AF1979FCD0005D59D4 /* Frameworks */,
				4F5694B01979FCD0005D59D4 /* Resources */,
			);
			buildRules = (
			);
			dependencies = (
				4F5694B81979FCD0005D59D4 /* PBXTargetDependency */,
			);
			name = RatingsTests;
			productName = RatingsTests;
			productReference = 4F5694B21979FCD0005D59D4 /* RatingsTests.xctest */;
			productType = "com.apple.product-type.bundle.unit-test";
		};
/* End PBXNativeTarget section */

/* Begin PBXProject section */
		4F5694891979FCD0005D59D4 /* Project object */ = {
			isa = PBXProject;
			attributes = {
				LastUpgradeCheck = 0510;
				ORGANIZATIONNAME = "Kevin Kwon";
				TargetAttributes = {
					4F5694B11979FCD0005D59D4 = {
						TestTargetID = 4F5694901979FCD0005D59D4;
					};
				};
			};
			buildConfigurationList = 4F56948C1979FCD0005D59D4 /* Build configuration list for PBXProject "Ratings" */;
			compatibilityVersion = "Xcode 3.2";
			developmentRegion = English;
			hasScannedForEncodings = 0;
			knownRegions = (
				en,
				Base,
			);
			mainGroup = 4F5694881979FCD0005D59D4;
			productRefGroup = 4F5694921979FCD0005D59D4 /* Products */;
			projectDirPath = "";
			projectRoot = "";
			targets = (
				4F5694901979FCD0005D59D4 /* Ratings */,
				4F5694B11979FCD0005D59D4 /* RatingsTests */,
			);
		};
/* End PBXProject section */

/* Begin PBXResourcesBuildPhase section */
		4F56948F1979FCD0005D59D4 /* Resources */ = {
			isa = PBXResourcesBuildPhase;
			buildActionMask = 2147483647;
			files = (
				4F5694EA197A1292005D59D4 /* 2StarsSmall.png in Resources */,
				4F5694F6197A1292005D59D4 /* 5StarsSmall.png in Resources */,
				4F5694E9197A1292005D59D4 /* 2Stars@2x.png in Resources */,
				4F5694F2197A1292005D59D4 /* 4StarsSmall.png in Resources */,
				4F5694E7197A1292005D59D4 /* 1StarSmall@2x.png in Resources */,
				4F5694AD1979FCD0005D59D4 /* Images.xcassets in Resources */,
				4F5694F3197A1292005D59D4 /* 4StarsSmall@2x.png in Resources */,
				4F56949F1979FCD0005D59D4 /* InfoPlist.strings in Resources */,
				4F5694F9197A1292005D59D4 /* Gestures@2x.png in Resources */,
				4F5694EC197A1292005D59D4 /* 3Stars.png in Resources */,
				4F5694F8197A1292005D59D4 /* Gestures.png in Resources */,
				4F5694A81979FCD0005D59D4 /* Main.storyboard in Resources */,
				4F5694FA197A1292005D59D4 /* Players.png in Resources */,
				4F5694EE197A1292005D59D4 /* 3StarsSmall.png in Resources */,
				4F5694E8197A1292005D59D4 /* 2Stars.png in Resources */,
				4F5694EF197A1292005D59D4 /* 3StarsSmall@2x.png in Resources */,
				4F5694E6197A1292005D59D4 /* 1StarSmall.png in Resources */,
				4F5694ED197A1292005D59D4 /* 3Stars@2x.png in Resources */,
				4F5694FB197A1292005D59D4 /* Players@2x.png in Resources */,
				4F5694E4197A1292005D59D4 /* 1Star.png in Resources */,
				4F5694EB197A1292005D59D4 /* 2StarsSmall@2x.png in Resources */,
				4F5694F0197A1292005D59D4 /* 4Stars.png in Resources */,
				4F5694E5197A1292005D59D4 /* 1Star@2x.png in Resources */,
				4F5694F7197A1292005D59D4 /* 5StarsSmall@2x.png in Resources */,
				4F5694F1197A1292005D59D4 /* 4Stars@2x.png in Resources */,
				4F5694F5197A1292005D59D4 /* 5Stars@2x.png in Resources */,
				4F5694F4197A1292005D59D4 /* 5Stars.png in Resources */,
			);
			runOnlyForDeploymentPostprocessing = 0;
		};
		4F5694B01979FCD0005D59D4 /* Resources */ = {
			isa = PBXResourcesBuildPhase;
			buildActionMask = 2147483647;
			files = (
				4F5694BE1979FCD0005D59D4 /* InfoPlist.strings in Resources */,
			);
			runOnlyForDeploymentPostprocessing = 0;
		};
/* End PBXResourcesBuildPhase section */

/* Begin PBXSourcesBuildPhase section */
		4F56948D1979FCD0005D59D4 /* Sources */ = {
			isa = PBXSourcesBuildPhase;
			buildActionMask = 2147483647;
			files = (
				4F5694AB1979FCD0005D59D4 /* ViewController.m in Sources */,
				4F5694A51979FCD0005D59D4 /* AppDelegate.m in Sources */,
				4FC0F095198C6B9100C9A9A9 /* PlayersTableViewController.m in Sources */,
				4F5694A11979FCD0005D59D4 /* main.m in Sources */,
				4F6B29B4198C7E7D008BC91D /* PlayerCell.m in Sources */,
				4F0BDD4C198C6CC000E684B5 /* Player.m in Sources */,
			);
			runOnlyForDeploymentPostprocessing = 0;
		};
		4F5694AE1979FCD0005D59D4 /* Sources */ = {
			isa = PBXSourcesBuildPhase;
			buildActionMask = 2147483647;
			files = (
				4F5694C01979FCD0005D59D4 /* RatingsTests.m in Sources */,
			);
			runOnlyForDeploymentPostprocessing = 0;
		};
/* End PBXSourcesBuildPhase section */

/* Begin PBXTargetDependency section */
		4F5694B81979FCD0005D59D4 /* PBXTargetDependency */ = {
			isa = PBXTargetDependency;
			target = 4F5694901979FCD0005D59D4 /* Ratings */;
			targetProxy = 4F5694B71979FCD0005D59D4 /* PBXContainerItemProxy */;
		};
/* End PBXTargetDependency section */

/* Begin PBXVariantGroup section */
		4F56949D1979FCD0005D59D4 /* InfoPlist.strings */ = {
			isa = PBXVariantGroup;
			children = (
				4F56949E1979FCD0005D59D4 /* en */,
			);
			name = InfoPlist.strings;
			sourceTree = "<group>";
		};
		4F5694A61979FCD0005D59D4 /* Main.storyboard */ = {
			isa = PBXVariantGroup;
			children = (
				4F5694A71979FCD0005D59D4 /* Base */,
			);
			name = Main.storyboard;
			sourceTree = "<group>";
		};
		4F5694BC1979FCD0005D59D4 /* InfoPlist.strings */ = {
			isa = PBXVariantGroup;
			children = (
				4F5694BD1979FCD0005D59D4 /* en */,
			);
			name = InfoPlist.strings;
			sourceTree = "<group>";
		};
/* End PBXVariantGroup section */

/* Begin XCBuildConfiguration section */
		4F5694C11979FCD0005D59D4 /* Debug */ = {
			isa = XCBuildConfiguration;
			buildSettings = {
				ALWAYS_SEARCH_USER_PATHS = NO;
				CLANG_CXX_LANGUAGE_STANDARD = "gnu++0x";
				CLANG_CXX_LIBRARY = "libc++";
				CLANG_ENABLE_MODULES = YES;
				CLANG_ENABLE_OBJC_ARC = YES;
				CLANG_WARN_BOOL_CONVERSION = YES;
				CLANG_WARN_CONSTANT_CONVERSION = YES;
				CLANG_WARN_DIRECT_OBJC_ISA_USAGE = YES_ERROR;
				CLANG_WARN_EMPTY_BODY = YES;
				CLANG_WARN_ENUM_CONVERSION = YES;
				CLANG_WARN_INT_CONVERSION = YES;
				CLANG_WARN_OBJC_ROOT_CLASS = YES_ERROR;
				CLANG_WARN__DUPLICATE_METHOD_MATCH = YES;
				"CODE_SIGN_IDENTITY[sdk=iphoneos*]" = "iPhone Developer";
				COPY_PHASE_STRIP = NO;
				GCC_C_LANGUAGE_STANDARD = gnu99;
				GCC_DYNAMIC_NO_PIC = NO;
				GCC_OPTIMIZATION_LEVEL = 0;
				GCC_PREPROCESSOR_DEFINITIONS = (
					"DEBUG=1",
					"$(inherited)",
				);
				GCC_SYMBOLS_PRIVATE_EXTERN = NO;
				GCC_WARN_64_TO_32_BIT_CONVERSION = YES;
				GCC_WARN_ABOUT_RETURN_TYPE = YES_ERROR;
				GCC_WARN_UNDECLARED_SELECTOR = YES;
				GCC_WARN_UNINITIALIZED_AUTOS = YES_AGGRESSIVE;
				GCC_WARN_UNUSED_FUNCTION = YES;
				GCC_WARN_UNUSED_VARIABLE = YES;
				IPHONEOS_DEPLOYMENT_TARGET = 7.1;
				ONLY_ACTIVE_ARCH = YES;
				SDKROOT = iphoneos;
			};
			name = Debug;
		};
		4F5694C21979FCD0005D59D4 /* Release */ = {
			isa = XCBuildConfiguration;
			buildSettings = {
				ALWAYS_SEARCH_USER_PATHS = NO;
				CLANG_CXX_LANGUAGE_STANDARD = "gnu++0x";
				CLANG_CXX_LIBRARY = "libc++";
				CLANG_ENABLE_MODULES = YES;
				CLANG_ENABLE_OBJC_ARC = YES;
				CLANG_WARN_BOOL_CONVERSION = YES;
				CLANG_WARN_CONSTANT_CONVERSION = YES;
				CLANG_WARN_DIRECT_OBJC_ISA_USAGE = YES_ERROR;
				CLANG_WARN_EMPTY_BODY = YES;
				CLANG_WARN_ENUM_CONVERSION = YES;
				CLANG_WARN_INT_CONVERSION = YES;
				CLANG_WARN_OBJC_ROOT_CLASS = YES_ERROR;
				CLANG_WARN__DUPLICATE_METHOD_MATCH = YES;
				"CODE_SIGN_IDENTITY[sdk=iphoneos*]" = "iPhone Developer";
				COPY_PHASE_STRIP = YES;
				ENABLE_NS_ASSERTIONS = NO;
				GCC_C_LANGUAGE_STANDARD = gnu99;
				GCC_WARN_64_TO_32_BIT_CONVERSION = YES;
				GCC_WARN_ABOUT_RETURN_TYPE = YES_ERROR;
				GCC_WARN_UNDECLARED_SELECTOR = YES;
				GCC_WARN_UNINITIALIZED_AUTOS = YES_AGGRESSIVE;
				GCC_WARN_UNUSED_FUNCTION = YES;
				GCC_WARN_UNUSED_VARIABLE = YES;
				IPHONEOS_DEPLOYMENT_TARGET = 7.1;
				SDKROOT = iphoneos;
				VALIDATE_PRODUCT = YES;
			};
			name = Release;
		};
		4F5694C41979FCD0005D59D4 /* Debug */ = {
			isa = XCBuildConfiguration;
			buildSettings = {
				ASSETCATALOG_COMPILER_APPICON_NAME = AppIcon;
				ASSETCATALOG_COMPILER_LAUNCHIMAGE_NAME = LaunchImage;
				GCC_PRECOMPILE_PREFIX_HEADER = YES;
				GCC_PREFIX_HEADER = "Ratings/Ratings-Prefix.pch";
				INFOPLIST_FILE = "Ratings/Ratings-Info.plist";
				PRODUCT_NAME = "$(TARGET_NAME)";
				WRAPPER_EXTENSION = app;
			};
			name = Debug;
		};
		4F5694C51979FCD0005D59D4 /* Release */ = {
			isa = XCBuildConfiguration;
			buildSettings = {
				ASSETCATALOG_COMPILER_APPICON_NAME = AppIcon;
				ASSETCATALOG_COMPILER_LAUNCHIMAGE_NAME = LaunchImage;
				GCC_PRECOMPILE_PREFIX_HEADER = YES;
				GCC_PREFIX_HEADER = "Ratings/Ratings-Prefix.pch";
				INFOPLIST_FILE = "Ratings/Ratings-Info.plist";
				PRODUCT_NAME = "$(TARGET_NAME)";
				WRAPPER_EXTENSION = app;
			};
			name = Release;
		};
		4F5694C71979FCD0005D59D4 /* Debug */ = {
			isa = XCBuildConfiguration;
			buildSettings = {
				BUNDLE_LOADER = "$(BUILT_PRODUCTS_DIR)/Ratings.app/Ratings";
				FRAMEWORK_SEARCH_PATHS = (
					"$(SDKROOT)/Developer/Library/Frameworks",
					"$(inherited)",
					"$(DEVELOPER_FRAMEWORKS_DIR)",
				);
				GCC_PRECOMPILE_PREFIX_HEADER = YES;
				GCC_PREFIX_HEADER = "Ratings/Ratings-Prefix.pch";
				GCC_PREPROCESSOR_DEFINITIONS = (
					"DEBUG=1",
					"$(inherited)",
				);
				INFOPLIST_FILE = "RatingsTests/RatingsTests-Info.plist";
				PRODUCT_NAME = "$(TARGET_NAME)";
				TEST_HOST = "$(BUNDLE_LOADER)";
				WRAPPER_EXTENSION = xctest;
			};
			name = Debug;
		};
		4F5694C81979FCD0005D59D4 /* Release */ = {
			isa = XCBuildConfiguration;
			buildSettings = {
				BUNDLE_LOADER = "$(BUILT_PRODUCTS_DIR)/Ratings.app/Ratings";
				FRAMEWORK_SEARCH_PATHS = (
					"$(SDKROOT)/Developer/Library/Frameworks",
					"$(inherited)",
					"$(DEVELOPER_FRAMEWORKS_DIR)",
				);
				GCC_PRECOMPILE_PREFIX_HEADER = YES;
				GCC_PREFIX_HEADER = "Ratings/Ratings-Prefix.pch";
				INFOPLIST_FILE = "RatingsTests/RatingsTests-Info.plist";
				PRODUCT_NAME = "$(TARGET_NAME)";
				TEST_HOST = "$(BUNDLE_LOADER)";
				WRAPPER_EXTENSION = xctest;
			};
			name = Release;
		};
/* End XCBuildConfiguration section */

/* Begin XCConfigurationList section */
		4F56948C1979FCD0005D59D4 /* Build configuration list for PBXProject "Ratings" */ = {
			isa = XCConfigurationList;
			buildConfigurations = (
				4F5694C11979FCD0005D59D4 /* Debug */,
				4F5694C21979FCD0005D59D4 /* Release */,
			);
			defaultConfigurationIsVisible = 0;
			defaultConfigurationName = Release;
		};
		4F5694C31979FCD0005D59D4 /* Build configuration list for PBXNativeTarget "Ratings" */ = {
			isa = XCConfigurationList;
			buildConfigurations = (
				4F5694C41979FCD0005D59D4 /* Debug */,
				4F5694C51979FCD0005D59D4 /* Release */,
			);
			defaultConfigurationIsVisible = 0;
			defaultConfigurationName = Release;
		};
		4F5694C61979FCD0005D59D4 /* Build configuration list for PBXNativeTarget "RatingsTests" */ = {
			isa = XCConfigurationList;
			buildConfigurations = (
				4F5694C71979FCD0005D59D4 /* Debug */,
				4F5694C81979FCD0005D59D4 /* Release */,
			);
			defaultConfigurationIsVisible = 0;
			defaultConfigurationName = Release;
		};
/* End XCConfigurationList section */
	};
	rootObject = 4F5694891979FCD0005D59D4 /* Project object */;
}
